
Microsoft Visual Studio Solution File, Format Version 12.00
# Visual Studio Version 17
VisualStudioVersion = 17.14.36705.20 d17.14
MinimumVisualStudioVersion = 10.0.40219.1
Project("{FAE04EC0-301F-11D3-BF4B-00C04F79EFBC}") = "Screens", "Screens\Screens.csproj", "{8F9E7203-52A7-4838-A15F-86D7CEA706E7}"
EndProject
Global
	GlobalSection(SolutionConfigurationPlatforms) = preSolution
		Debug|Any CPU = Debug|Any CPU
		Release|Any CPU = Release|Any CPU
	EndGlobalSection
	GlobalSection(ProjectConfigurationPlatforms) = postSolution
		{8F9E7203-52A7-4838-A15F-86D7CEA706E7}.Debug|Any CPU.ActiveCfg = Debug|Any CPU
		{8F9E7203-52A7-4838-A15F-86D7CEA706E7}.Debug|Any CPU.Build.0 = Debug|Any CPU
		{8F9E7203-52A7-4838-A15F-86D7CEA706E7}.Release|Any CPU.ActiveCfg = Release|Any CPU
		{8F9E7203-52A7-4838-A15F-86D7CEA706E7}.Release|Any CPU.Build.0 = Release|Any CPU
	EndGlobalSection
	GlobalSection(SolutionProperties) = preSolution
		HideSolutionNode = FALSE
	EndGlobalSection
	GlobalSection(ExtensibilityGlobals) = postSolution
		SolutionGuid = {5BAB71A1-04EF-47E6-A9DF-2C2BDC507BCB}
	EndGlobalSection
EndGlobal
